// !$*UTF8*$!
{
	archiveVersion = 1;
	classes = {
	};
	objectVersion = 55;
	objects = {

/* Begin PBXBuildFile section */
		7B64938627358336000A71C2 /* CharacterCounterView.swift in Sources */ = {isa = PBXBuildFile; fileRef = 7B64938527358336000A71C2 /* CharacterCounterView.swift */; };
		7B9AEDD427318626009111DF /* TimerAppApp.swift in Sources */ = {isa = PBXBuildFile; fileRef = 7B9AEDD327318626009111DF /* TimerAppApp.swift */; };
		7B9AEDD627318626009111DF /* ContentView.swift in Sources */ = {isa = PBXBuildFile; fileRef = 7B9AEDD527318626009111DF /* ContentView.swift */; };
		7B9AEDD82731862A009111DF /* Assets.xcassets in Resources */ = {isa = PBXBuildFile; fileRef = 7B9AEDD72731862A009111DF /* Assets.xcassets */; };
		7B9AEDDB2731862A009111DF /* Preview Assets.xcassets in Resources */ = {isa = PBXBuildFile; fileRef = 7B9AEDDA2731862A009111DF /* Preview Assets.xcassets */; };
		7B9AEDE227318852009111DF /* Counter.swift in Sources */ = {isa = PBXBuildFile; fileRef = 7B9AEDE127318852009111DF /* Counter.swift */; };
		7B9AEDE42732B8E9009111DF /* StartButtonView.swift in Sources */ = {isa = PBXBuildFile; fileRef = 7B9AEDE32732B8E9009111DF /* StartButtonView.swift */; };
		7B9AEDE82732BCF4009111DF /* UserManager.swift in Sources */ = {isa = PBXBuildFile; fileRef = 7B9AEDE72732BCF4009111DF /* UserManager.swift */; };
		7B9AEDEA2732C01C009111DF /* InitialView.swift in Sources */ = {isa = PBXBuildFile; fileRef = 7B9AEDE92732C01C009111DF /* InitialView.swift */; };
		7B9AEDF32732D9D5009111DF /* LogOutButtonView.swift in Sources */ = {isa = PBXBuildFile; fileRef = 7B9AEDF22732D9D5009111DF /* LogOutButtonView.swift */; };
		7B9AEDFD2734047D009111DF /* ColorManager.swift in Sources */ = {isa = PBXBuildFile; fileRef = 7B9AEDFC2734047D009111DF /* ColorManager.swift */; };
		7B9AEE0127340DBE009111DF /* LoginObserver.swift in Sources */ = {isa = PBXBuildFile; fileRef = 7B9AEE0027340DBE009111DF /* LoginObserver.swift */; };
		7B9AEE0327341BD0009111DF /* LoginButtonView.swift in Sources */ = {isa = PBXBuildFile; fileRef = 7B9AEE0227341BD0009111DF /* LoginButtonView.swift */; };
		7B9AEE0527341D04009111DF /* LoginTextFieldView.swift in Sources */ = {isa = PBXBuildFile; fileRef = 7B9AEE0427341D04009111DF /* LoginTextFieldView.swift */; };
		7B9AEE0727341EF3009111DF /* TipTextView.swift in Sources */ = {isa = PBXBuildFile; fileRef = 7B9AEE0627341EF3009111DF /* TipTextView.swift */; };
		7B9AEE0927342EB0009111DF /* LoginView.swift in Sources */ = {isa = PBXBuildFile; fileRef = 7B9AEE0827342EB0009111DF /* LoginView.swift */; };
/* End PBXBuildFile section */

/* Begin PBXFileReference section */
		7B64938527358336000A71C2 /* CharacterCounterView.swift */ = {isa = PBXFileReference; lastKnownFileType = sourcecode.swift; path = CharacterCounterView.swift; sourceTree = "<group>"; };
		7B9AEDD027318626009111DF /* TimerApp.app */ = {isa = PBXFileReference; explicitFileType = wrapper.application; includeInIndex = 0; path = TimerApp.app; sourceTree = BUILT_PRODUCTS_DIR; };
		7B9AEDD327318626009111DF /* TimerAppApp.swift */ = {isa = PBXFileReference; lastKnownFileType = sourcecode.swift; path = TimerAppApp.swift; sourceTree = "<group>"; };
		7B9AEDD527318626009111DF /* ContentView.swift */ = {isa = PBXFileReference; lastKnownFileType = sourcecode.swift; path = ContentView.swift; sourceTree = "<group>"; };
		7B9AEDD72731862A009111DF /* Assets.xcassets */ = {isa = PBXFileReference; lastKnownFileType = folder.assetcatalog; path = Assets.xcassets; sourceTree = "<group>"; };
		7B9AEDDA2731862A009111DF /* Preview Assets.xcassets */ = {isa = PBXFileReference; lastKnownFileType = folder.assetcatalog; path = "Preview Assets.xcassets"; sourceTree = "<group>"; };
		7B9AEDE127318852009111DF /* Counter.swift */ = {isa = PBXFileReference; lastKnownFileType = sourcecode.swift; path = Counter.swift; sourceTree = "<group>"; };
		7B9AEDE32732B8E9009111DF /* StartButtonView.swift */ = {isa = PBXFileReference; lastKnownFileType = sourcecode.swift; path = StartButtonView.swift; sourceTree = "<group>"; };
		7B9AEDE72732BCF4009111DF /* UserManager.swift */ = {isa = PBXFileReference; lastKnownFileType = sourcecode.swift; path = UserManager.swift; sourceTree = "<group>"; };
		7B9AEDE92732C01C009111DF /* InitialView.swift */ = {isa = PBXFileReference; lastKnownFileType = sourcecode.swift; path = InitialView.swift; sourceTree = "<group>"; };
		7B9AEDF22732D9D5009111DF /* LogOutButtonView.swift */ = {isa = PBXFileReference; lastKnownFileType = sourcecode.swift; path = LogOutButtonView.swift; sourceTree = "<group>"; };
		7B9AEDFC2734047D009111DF /* ColorManager.swift */ = {isa = PBXFileReference; lastKnownFileType = sourcecode.swift; path = ColorManager.swift; sourceTree = "<group>"; };
		7B9AEE0027340DBE009111DF /* LoginObserver.swift */ = {isa = PBXFileReference; lastKnownFileType = sourcecode.swift; path = LoginObserver.swift; sourceTree = "<group>"; };
		7B9AEE0227341BD0009111DF /* LoginButtonView.swift */ = {isa = PBXFileReference; lastKnownFileType = sourcecode.swift; path = LoginButtonView.swift; sourceTree = "<group>"; };
		7B9AEE0427341D04009111DF /* LoginTextFieldView.swift */ = {isa = PBXFileReference; lastKnownFileType = sourcecode.swift; path = LoginTextFieldView.swift; sourceTree = "<group>"; };
		7B9AEE0627341EF3009111DF /* TipTextView.swift */ = {isa = PBXFileReference; lastKnownFileType = sourcecode.swift; path = TipTextView.swift; sourceTree = "<group>"; };
		7B9AEE0827342EB0009111DF /* LoginView.swift */ = {isa = PBXFileReference; lastKnownFileType = sourcecode.swift; path = LoginView.swift; sourceTree = "<group>"; };
/* End PBXFileReference section */

/* Begin PBXFrameworksBuildPhase section */
		7B9AEDCD27318626009111DF /* Frameworks */ = {
			isa = PBXFrameworksBuildPhase;
			buildActionMask = 2147483647;
			files = (
			);
			runOnlyForDeploymentPostprocessing = 0;
		};
/* End PBXFrameworksBuildPhase section */

/* Begin PBXGroup section */
		7B9AEDC727318625009111DF = {
			isa = PBXGroup;
			children = (
				7B9AEDD227318626009111DF /* TimerApp */,
				7B9AEDD127318626009111DF /* Products */,
			);
			sourceTree = "<group>";
		};
		7B9AEDD127318626009111DF /* Products */ = {
			isa = PBXGroup;
			children = (
				7B9AEDD027318626009111DF /* TimerApp.app */,
			);
			name = Products;
			sourceTree = "<group>";
		};
		7B9AEDD227318626009111DF /* TimerApp */ = {
			isa = PBXGroup;
			children = (
				7B9AEDD327318626009111DF /* TimerAppApp.swift */,
				7B9AEDE92732C01C009111DF /* InitialView.swift */,
				7B9AEDE127318852009111DF /* Counter.swift */,
				7B9AEE0027340DBE009111DF /* LoginObserver.swift */,
				7B9AEDF02732D79C009111DF /* TimerViews */,
				7B9AEDEF2732D74F009111DF /* LoginViews */,
				7B9AEDF12732D7EA009111DF /* Services */,
				7B9AEDD72731862A009111DF /* Assets.xcassets */,
				7B9AEDD92731862A009111DF /* Preview Content */,
			);
			path = TimerApp;
			sourceTree = "<group>";
		};
		7B9AEDD92731862A009111DF /* Preview Content */ = {
			isa = PBXGroup;
			children = (
				7B9AEDDA2731862A009111DF /* Preview Assets.xcassets */,
			);
			path = "Preview Content";
			sourceTree = "<group>";
		};
		7B9AEDEF2732D74F009111DF /* LoginViews */ = {
			isa = PBXGroup;
			children = (
				7B9AEE0827342EB0009111DF /* LoginView.swift */,
				7B9AEE0427341D04009111DF /* LoginTextFieldView.swift */,
				7B64938527358336000A71C2 /* CharacterCounterView.swift */,
				7B9AEE0627341EF3009111DF /* TipTextView.swift */,
				7B9AEE0227341BD0009111DF /* LoginButtonView.swift */,
			);
			path = LoginViews;
			sourceTree = "<group>";
		};
		7B9AEDF02732D79C009111DF /* TimerViews */ = {
			isa = PBXGroup;
			children = (
				7B9AEDD527318626009111DF /* ContentView.swift */,
				7B9AEDE32732B8E9009111DF /* StartButtonView.swift */,
				7B9AEDF22732D9D5009111DF /* LogOutButtonView.swift */,
			);
			path = TimerViews;
			sourceTree = "<group>";
		};
		7B9AEDF12732D7EA009111DF /* Services */ = {
			isa = PBXGroup;
			children = (
				7B9AEDE72732BCF4009111DF /* UserManager.swift */,
				7B9AEDFC2734047D009111DF /* ColorManager.swift */,
			);
			path = Services;
			sourceTree = "<group>";
		};
/* End PBXGroup section */

/* Begin PBXNativeTarget section */
		7B9AEDCF27318626009111DF /* TimerApp */ = {
			isa = PBXNativeTarget;
			buildConfigurationList = 7B9AEDDE2731862A009111DF /* Build configuration list for PBXNativeTarget "TimerApp" */;
			buildPhases = (
				7B9AEDCC27318626009111DF /* Sources */,
				7B9AEDCD27318626009111DF /* Frameworks */,
				7B9AEDCE27318626009111DF /* Resources */,
			);
			buildRules = (
			);
			dependencies = (
			);
			name = TimerApp;
			productName = TimerApp;
			productReference = 7B9AEDD027318626009111DF /* TimerApp.app */;
			productType = "com.apple.product-type.application";
		};
/* End PBXNativeTarget section */

/* Begin PBXProject section */
		7B9AEDC827318625009111DF /* Project object */ = {
			isa = PBXProject;
			attributes = {
				BuildIndependentTargetsInParallel = 1;
				LastSwiftUpdateCheck = 1300;
				LastUpgradeCheck = 1300;
				TargetAttributes = {
					7B9AEDCF27318626009111DF = {
						CreatedOnToolsVersion = 13.0;
					};
				};
			};
			buildConfigurationList = 7B9AEDCB27318625009111DF /* Build configuration list for PBXProject "TimerApp" */;
			compatibilityVersion = "Xcode 13.0";
			developmentRegion = en;
			hasScannedForEncodings = 0;
			knownRegions = (
				en,
				Base,
			);
			mainGroup = 7B9AEDC727318625009111DF;
			productRefGroup = 7B9AEDD127318626009111DF /* Products */;
			projectDirPath = "";
			projectRoot = "";
			targets = (
				7B9AEDCF27318626009111DF /* TimerApp */,
			);
		};
/* End PBXProject section */

/* Begin PBXResourcesBuildPhase section */
		7B9AEDCE27318626009111DF /* Resources */ = {
			isa = PBXResourcesBuildPhase;
			buildActionMask = 2147483647;
			files = (
				7B9AEDDB2731862A009111DF /* Preview Assets.xcassets in Resources */,
				7B9AEDD82731862A009111DF /* Assets.xcassets in Resources */,
			);
			runOnlyForDeploymentPostprocessing = 0;
		};
/* End PBXResourcesBuildPhase section */

/* Begin PBXSourcesBuildPhase section */
		7B9AEDCC27318626009111DF /* Sources */ = {
			isa = PBXSourcesBuildPhase;
			buildActionMask = 2147483647;
			files = (
				7B9AEE0327341BD0009111DF /* LoginButtonView.swift in Sources */,
				7B9AEE0927342EB0009111DF /* LoginView.swift in Sources */,
				7B9AEDE82732BCF4009111DF /* UserManager.swift in Sources */,
				7B9AEE0727341EF3009111DF /* TipTextView.swift in Sources */,
				7B9AEDD627318626009111DF /* ContentView.swift in Sources */,
				7B9AEDF32732D9D5009111DF /* LogOutButtonView.swift in Sources */,
				7B9AEE0527341D04009111DF /* LoginTextFieldView.swift in Sources */,
				7B9AEDE42732B8E9009111DF /* StartButtonView.swift in Sources */,
				7B9AEDFD2734047D009111DF /* ColorManager.swift in Sources */,
				7B9AEE0127340DBE009111DF /* LoginObserver.swift in Sources */,
				7B9AEDD427318626009111DF /* TimerAppApp.swift in Sources */,
				7B64938627358336000A71C2 /* CharacterCounterView.swift in Sources */,
				7B9AEDEA2732C01C009111DF /* InitialView.swift in Sources */,
				7B9AEDE227318852009111DF /* Counter.swift in Sources */,
			);
			runOnlyForDeploymentPostprocessing = 0;
		};
/* End PBXSourcesBuildPhase section */

/* Begin XCBuildConfiguration section */
		7B9AEDDC2731862A009111DF /* Debug */ = {
			isa = XCBuildConfiguration;
			buildSettings = {
				ALWAYS_SEARCH_USER_PATHS = NO;
				CLANG_ANALYZER_NONNULL = YES;
				CLANG_ANALYZER_NUMBER_OBJECT_CONVERSION = YES_AGGRESSIVE;
				CLANG_CXX_LANGUAGE_STANDARD = "gnu++17";
				CLANG_CXX_LIBRARY = "libc++";
				CLANG_ENABLE_MODULES = YES;
				CLANG_ENABLE_OBJC_ARC = YES;
				CLANG_ENABLE_OBJC_WEAK = YES;
				CLANG_WARN_BLOCK_CAPTURE_AUTORELEASING = YES;
				CLANG_WARN_BOOL_CONVERSION = YES;
				CLANG_WARN_COMMA = YES;
				CLANG_WARN_CONSTANT_CONVERSION = YES;
				CLANG_WARN_DEPRECATED_OBJC_IMPLEMENTATIONS = YES;
				CLANG_WARN_DIRECT_OBJC_ISA_USAGE = YES_ERROR;
				CLANG_WARN_DOCUMENTATION_COMMENTS = YES;
				CLANG_WARN_EMPTY_BODY = YES;
				CLANG_WARN_ENUM_CONVERSION = YES;
				CLANG_WARN_INFINITE_RECURSION = YES;
				CLANG_WARN_INT_CONVERSION = YES;
				CLANG_WARN_NON_LITERAL_NULL_CONVERSION = YES;
				CLANG_WARN_OBJC_IMPLICIT_RETAIN_SELF = YES;
				CLANG_WARN_OBJC_LITERAL_CONVERSION = YES;
				CLANG_WARN_OBJC_ROOT_CLASS = YES_ERROR;
				CLANG_WARN_QUOTED_INCLUDE_IN_FRAMEWORK_HEADER = YES;
				CLANG_WARN_RANGE_LOOP_ANALYSIS = YES;
				CLANG_WARN_STRICT_PROTOTYPES = YES;
				CLANG_WARN_SUSPICIOUS_MOVE = YES;
				CLANG_WARN_UNGUARDED_AVAILABILITY = YES_AGGRESSIVE;
				CLANG_WARN_UNREACHABLE_CODE = YES;
				CLANG_WARN__DUPLICATE_METHOD_MATCH = YES;
				COPY_PHASE_STRIP = NO;
				DEBUG_INFORMATION_FORMAT = dwarf;
				ENABLE_STRICT_OBJC_MSGSEND = YES;
				ENABLE_TESTABILITY = YES;
				GCC_C_LANGUAGE_STANDARD = gnu11;
				GCC_DYNAMIC_NO_PIC = NO;
				GCC_NO_COMMON_BLOCKS = YES;
				GCC_OPTIMIZATION_LEVEL = 0;
				GCC_PREPROCESSOR_DEFINITIONS = (
					"DEBUG=1",
					"$(inherited)",
				);
				GCC_WARN_64_TO_32_BIT_CONVERSION = YES;
				GCC_WARN_ABOUT_RETURN_TYPE = YES_ERROR;
				GCC_WARN_UNDECLARED_SELECTOR = YES;
				GCC_WARN_UNINITIALIZED_AUTOS = YES_AGGRESSIVE;
				GCC_WARN_UNUSED_FUNCTION = YES;
				GCC_WARN_UNUSED_VARIABLE = YES;
				IPHONEOS_DEPLOYMENT_TARGET = 15.0;
				MTL_ENABLE_DEBUG_INFO = INCLUDE_SOURCE;
				MTL_FAST_MATH = YES;
				ONLY_ACTIVE_ARCH = YES;
				SDKROOT = iphoneos;
				SWIFT_ACTIVE_COMPILATION_CONDITIONS = DEBUG;
				SWIFT_OPTIMIZATION_LEVEL = "-Onone";
			};
			name = Debug;
		};
		7B9AEDDD2731862A009111DF /* Release */ = {
			isa = XCBuildConfiguration;
			buildSettings = {
				ALWAYS_SEARCH_USER_PATHS = NO;
				CLANG_ANALYZER_NONNULL = YES;
				CLANG_ANALYZER_NUMBER_OBJECT_CONVERSION = YES_AGGRESSIVE;
				CLANG_CXX_LANGUAGE_STANDARD = "gnu++17";
				CLANG_CXX_LIBRARY = "libc++";
				CLANG_ENABLE_MODULES = YES;
				CLANG_ENABLE_OBJC_ARC = YES;
				CLANG_ENABLE_OBJC_WEAK = YES;
				CLANG_WARN_BLOCK_CAPTURE_AUTORELEASING = YES;
				CLANG_WARN_BOOL_CONVERSION = YES;
				CLANG_WARN_COMMA = YES;
				CLANG_WARN_CONSTANT_CONVERSION = YES;
				CLANG_WARN_DEPRECATED_OBJC_IMPLEMENTATIONS = YES;
				CLANG_WARN_DIRECT_OBJC_ISA_USAGE = YES_ERROR;
				CLANG_WARN_DOCUMENTATION_COMMENTS = YES;
				CLANG_WARN_EMPTY_BODY = YES;
				CLANG_WARN_ENUM_CONVERSION = YES;
				CLANG_WARN_INFINITE_RECURSION = YES;
				CLANG_WARN_INT_CONVERSION = YES;
				CLANG_WARN_NON_LITERAL_NULL_CONVERSION = YES;
				CLANG_WARN_OBJC_IMPLICIT_RETAIN_SELF = YES;
				CLANG_WARN_OBJC_LITERAL_CONVERSION = YES;
				CLANG_WARN_OBJC_ROOT_CLASS = YES_ERROR;
				CLANG_WARN_QUOTED_INCLUDE_IN_FRAMEWORK_HEADER = YES;
				CLANG_WARN_RANGE_LOOP_ANALYSIS = YES;
				CLANG_WARN_STRICT_PROTOTYPES = YES;
				CLANG_WARN_SUSPICIOUS_MOVE = YES;
				CLANG_WARN_UNGUARDED_AVAILABILITY = YES_AGGRESSIVE;
				CLANG_WARN_UNREACHABLE_CODE = YES;
				CLANG_WARN__DUPLICATE_METHOD_MATCH = YES;
				COPY_PHASE_STRIP = NO;
				DEBUG_INFORMATION_FORMAT = "dwarf-with-dsym";
				ENABLE_NS_ASSERTIONS = NO;
				ENABLE_STRICT_OBJC_MSGSEND = YES;
				GCC_C_LANGUAGE_STANDARD = gnu11;
				GCC_NO_COMMON_BLOCKS = YES;
				GCC_WARN_64_TO_32_BIT_CONVERSION = YES;
				GCC_WARN_ABOUT_RETURN_TYPE = YES_ERROR;
				GCC_WARN_UNDECLARED_SELECTOR = YES;
				GCC_WARN_UNINITIALIZED_AUTOS = YES_AGGRESSIVE;
				GCC_WARN_UNUSED_FUNCTION = YES;
				GCC_WARN_UNUSED_VARIABLE = YES;
				IPHONEOS_DEPLOYMENT_TARGET = 15.0;
				MTL_ENABLE_DEBUG_INFO = NO;
				MTL_FAST_MATH = YES;
				SDKROOT = iphoneos;
				SWIFT_COMPILATION_MODE = wholemodule;
				SWIFT_OPTIMIZATION_LEVEL = "-O";
				VALIDATE_PRODUCT = YES;
			};
			name = Release;
		};
		7B9AEDDF2731862A009111DF /* Debug */ = {
			isa = XCBuildConfiguration;
			buildSettings = {
				ASSETCATALOG_COMPILER_APPICON_NAME = AppIcon;
				ASSETCATALOG_COMPILER_GLOBAL_ACCENT_COLOR_NAME = AccentColor;
				CODE_SIGN_STYLE = Automatic;
				CURRENT_PROJECT_VERSION = 1;
				DEVELOPMENT_ASSET_PATHS = "\"TimerApp/Preview Content\"";
				DEVELOPMENT_TEAM = J64K7CHM53;
				ENABLE_PREVIEWS = YES;
				GENERATE_INFOPLIST_FILE = YES;
				INFOPLIST_KEY_UIApplicationSceneManifest_Generation = YES;
				INFOPLIST_KEY_UIApplicationSupportsIndirectInputEvents = YES;
				INFOPLIST_KEY_UILaunchScreen_Generation = YES;
				INFOPLIST_KEY_UISupportedInterfaceOrientations_iPad = "UIInterfaceOrientationPortrait UIInterfaceOrientationPortraitUpsideDown UIInterfaceOrientationLandscapeLeft UIInterfaceOrientationLandscapeRight";
				INFOPLIST_KEY_UISupportedInterfaceOrientations_iPhone = "UIInterfaceOrientationPortrait UIInterfaceOrientationLandscapeLeft UIInterfaceOrientationLandscapeRight";
				IPHONEOS_DEPLOYMENT_TARGET = 15.0;
				LD_RUNPATH_SEARCH_PATHS = (
					"$(inherited)",
					"@executable_path/Frameworks",
				);
				MARKETING_VERSION = 1.0;
				PRODUCT_BUNDLE_IDENTIFIER = ru.swiftbook.TimerApp;
				PRODUCT_NAME = "$(TARGET_NAME)";
				SWIFT_EMIT_LOC_STRINGS = YES;
				SWIFT_VERSION = 5.0;
				TARGETED_DEVICE_FAMILY = 1;
			};
			name = Debug;
		};
		7B9AEDE02731862A009111DF /* Release */ = {
			isa = XCBuildConfiguration;
			buildSettings = {
				ASSETCATALOG_COMPILER_APPICON_NAME = AppIcon;
				ASSETCATALOG_COMPILER_GLOBAL_ACCENT_COLOR_NAME = AccentColor;
				CODE_SIGN_STYLE = Automatic;
				CURRENT_PROJECT_VERSION = 1;
				DEVELOPMENT_ASSET_PATHS = "\"TimerApp/Preview Content\"";
				DEVELOPMENT_TEAM = J64K7CHM53;
				ENABLE_PREVIEWS = YES;
				GENERATE_INFOPLIST_FILE = YES;
				INFOPLIST_KEY_UIApplicationSceneManifest_Generation = YES;
				INFOPLIST_KEY_UIApplicationSupportsIndirectInputEvents = YES;
				INFOPLIST_KEY_UILaunchScreen_Generation = YES;
				INFOPLIST_KEY_UISupportedInterfaceOrientations_iPad = "UIInterfaceOrientationPortrait UIInterfaceOrientationPortraitUpsideDown UIInterfaceOrientationLandscapeLeft UIInterfaceOrientationLandscapeRight";
				INFOPLIST_KEY_UISupportedInterfaceOrientations_iPhone = "UIInterfaceOrientationPortrait UIInterfaceOrientationLandscapeLeft UIInterfaceOrientationLandscapeRight";
				IPHONEOS_DEPLOYMENT_TARGET = 15.0;
				LD_RUNPATH_SEARCH_PATHS = (
					"$(inherited)",
					"@executable_path/Frameworks",
				);
				MARKETING_VERSION = 1.0;
				PRODUCT_BUNDLE_IDENTIFIER = ru.swiftbook.TimerApp;
				PRODUCT_NAME = "$(TARGET_NAME)";
				SWIFT_EMIT_LOC_STRINGS = YES;
				SWIFT_VERSION = 5.0;
				TARGETED_DEVICE_FAMILY = 1;
			};
			name = Release;
		};
/* End XCBuildConfiguration section */

/* Begin XCConfigurationList section */
		7B9AEDCB27318625009111DF /* Build configuration list for PBXProject "TimerApp" */ = {
			isa = XCConfigurationList;
			buildConfigurations = (
				7B9AEDDC2731862A009111DF /* Debug */,
				7B9AEDDD2731862A009111DF /* Release */,
			);
			defaultConfigurationIsVisible = 0;
			defaultConfigurationName = Release;
		};
		7B9AEDDE2731862A009111DF /* Build configuration list for PBXNativeTarget "TimerApp" */ = {
			isa = XCConfigurationList;
			buildConfigurations = (
				7B9AEDDF2731862A009111DF /* Debug */,
				7B9AEDE02731862A009111DF /* Release */,
			);
			defaultConfigurationIsVisible = 0;
			defaultConfigurationName = Release;
		};
/* End XCConfigurationList section */
	};
	rootObject = 7B9AEDC827318625009111DF /* Project object */;
}
